// !$*UTF8*$!
{
	archiveVersion = 1;
	classes = {
	};
	objectVersion = 50;
	objects = {

/* Begin PBXBuildFile section */
		232151EF2B190C500078D04F /* AppDelegate.swift in Sources */ = {isa = PBXBuildFile; fileRef = 232151EE2B190C500078D04F /* AppDelegate.swift */; };
		232151F12B190C500078D04F /* SceneDelegate.swift in Sources */ = {isa = PBXBuildFile; fileRef = 232151F02B190C500078D04F /* SceneDelegate.swift */; };
		232151F32B190C500078D04F /* ViewController.swift in Sources */ = {isa = PBXBuildFile; fileRef = 232151F22B190C500078D04F /* ViewController.swift */; };
		232151F62B190C500078D04F /* Main.storyboard in Resources */ = {isa = PBXBuildFile; fileRef = 232151F42B190C500078D04F /* Main.storyboard */; };
		232151F82B190C550078D04F /* Assets.xcassets in Resources */ = {isa = PBXBuildFile; fileRef = 232151F72B190C550078D04F /* Assets.xcassets */; };
		232151FB2B190C550078D04F /* LaunchScreen.storyboard in Resources */ = {isa = PBXBuildFile; fileRef = 232151F92B190C550078D04F /* LaunchScreen.storyboard */; };
		232152062B190C560078D04F /* PhotoSearchTests.swift in Sources */ = {isa = PBXBuildFile; fileRef = 232152052B190C560078D04F /* PhotoSearchTests.swift */; };
		232152112B190C560078D04F /* PhotoSearchUITests.swift in Sources */ = {isa = PBXBuildFile; fileRef = 232152102B190C560078D04F /* PhotoSearchUITests.swift */; };
		2321521F2B1910810078D04F /* PhotoCollectionViewCell.swift in Sources */ = {isa = PBXBuildFile; fileRef = 2321521E2B1910810078D04F /* PhotoCollectionViewCell.swift */; };
/* End PBXBuildFile section */

/* Begin PBXContainerItemProxy section */
		232152022B190C560078D04F /* PBXContainerItemProxy */ = {
			isa = PBXContainerItemProxy;
			containerPortal = 232151E32B190C500078D04F /* Project object */;
			proxyType = 1;
			remoteGlobalIDString = 232151EA2B190C500078D04F;
			remoteInfo = PhotoSearch;
		};
		2321520D2B190C560078D04F /* PBXContainerItemProxy */ = {
			isa = PBXContainerItemProxy;
			containerPortal = 232151E32B190C500078D04F /* Project object */;
			proxyType = 1;
			remoteGlobalIDString = 232151EA2B190C500078D04F;
			remoteInfo = PhotoSearch;
		};
/* End PBXContainerItemProxy section */

/* Begin PBXFileReference section */
		232151EB2B190C500078D04F /* PhotoSearch.app */ = {isa = PBXFileReference; explicitFileType = wrapper.application; includeInIndex = 0; path = PhotoSearch.app; sourceTree = BUILT_PRODUCTS_DIR; };
		232151EE2B190C500078D04F /* AppDelegate.swift */ = {isa = PBXFileReference; lastKnownFileType = sourcecode.swift; path = AppDelegate.swift; sourceTree = "<group>"; };
		232151F02B190C500078D04F /* SceneDelegate.swift */ = {isa = PBXFileReference; lastKnownFileType = sourcecode.swift; path = SceneDelegate.swift; sourceTree = "<group>"; };
		232151F22B190C500078D04F /* ViewController.swift */ = {isa = PBXFileReference; indentWidth = 5; lastKnownFileType = sourcecode.swift; path = ViewController.swift; sourceTree = "<group>"; };
		232151F52B190C500078D04F /* Base */ = {isa = PBXFileReference; lastKnownFileType = file.storyboard; name = Base; path = Base.lproj/Main.storyboard; sourceTree = "<group>"; };
		232151F72B190C550078D04F /* Assets.xcassets */ = {isa = PBXFileReference; lastKnownFileType = folder.assetcatalog; path = Assets.xcassets; sourceTree = "<group>"; };
		232151FA2B190C550078D04F /* Base */ = {isa = PBXFileReference; lastKnownFileType = file.storyboard; name = Base; path = Base.lproj/LaunchScreen.storyboard; sourceTree = "<group>"; };
		232151FC2B190C550078D04F /* Info.plist */ = {isa = PBXFileReference; lastKnownFileType = text.plist.xml; path = Info.plist; sourceTree = "<group>"; };
		232152012B190C560078D04F /* PhotoSearchTests.xctest */ = {isa = PBXFileReference; explicitFileType = wrapper.cfbundle; includeInIndex = 0; path = PhotoSearchTests.xctest; sourceTree = BUILT_PRODUCTS_DIR; };
		232152052B190C560078D04F /* PhotoSearchTests.swift */ = {isa = PBXFileReference; lastKnownFileType = sourcecode.swift; path = PhotoSearchTests.swift; sourceTree = "<group>"; };
		232152072B190C560078D04F /* Info.plist */ = {isa = PBXFileReference; lastKnownFileType = text.plist.xml; path = Info.plist; sourceTree = "<group>"; };
		2321520C2B190C560078D04F /* PhotoSearchUITests.xctest */ = {isa = PBXFileReference; explicitFileType = wrapper.cfbundle; includeInIndex = 0; path = PhotoSearchUITests.xctest; sourceTree = BUILT_PRODUCTS_DIR; };
		232152102B190C560078D04F /* PhotoSearchUITests.swift */ = {isa = PBXFileReference; lastKnownFileType = sourcecode.swift; path = PhotoSearchUITests.swift; sourceTree = "<group>"; };
		232152122B190C560078D04F /* Info.plist */ = {isa = PBXFileReference; lastKnownFileType = text.plist.xml; path = Info.plist; sourceTree = "<group>"; };
		2321521E2B1910810078D04F /* PhotoCollectionViewCell.swift */ = {isa = PBXFileReference; lastKnownFileType = sourcecode.swift; path = PhotoCollectionViewCell.swift; sourceTree = "<group>"; };
/* End PBXFileReference section */

/* Begin PBXFrameworksBuildPhase section */
		232151E82B190C500078D04F /* Frameworks */ = {
			isa = PBXFrameworksBuildPhase;
			buildActionMask = 2147483647;
			files = (
			);
			runOnlyForDeploymentPostprocessing = 0;
		};
		232151FE2B190C560078D04F /* Frameworks */ = {
			isa = PBXFrameworksBuildPhase;
			buildActionMask = 2147483647;
			files = (
			);
			runOnlyForDeploymentPostprocessing = 0;
		};
		232152092B190C560078D04F /* Frameworks */ = {
			isa = PBXFrameworksBuildPhase;
			buildActionMask = 2147483647;
			files = (
			);
			runOnlyForDeploymentPostprocessing = 0;
		};
/* End PBXFrameworksBuildPhase section */

/* Begin PBXGroup section */
		232151E22B190C500078D04F = {
			isa = PBXGroup;
			children = (
				232151ED2B190C500078D04F /* PhotoSearch */,
				232152042B190C560078D04F /* PhotoSearchTests */,
				2321520F2B190C560078D04F /* PhotoSearchUITests */,
				232151EC2B190C500078D04F /* Products */,
			);
			sourceTree = "<group>";
		};
		232151EC2B190C500078D04F /* Products */ = {
			isa = PBXGroup;
			children = (
				232151EB2B190C500078D04F /* PhotoSearch.app */,
				232152012B190C560078D04F /* PhotoSearchTests.xctest */,
				2321520C2B190C560078D04F /* PhotoSearchUITests.xctest */,
			);
			name = Products;
			sourceTree = "<group>";
		};
		232151ED2B190C500078D04F /* PhotoSearch */ = {
			isa = PBXGroup;
			children = (
				232151EE2B190C500078D04F /* AppDelegate.swift */,
				232151F02B190C500078D04F /* SceneDelegate.swift */,
				232151F22B190C500078D04F /* ViewController.swift */,
				2321521E2B1910810078D04F /* PhotoCollectionViewCell.swift */,
				232151F42B190C500078D04F /* Main.storyboard */,
				232151F72B190C550078D04F /* Assets.xcassets */,
				232151F92B190C550078D04F /* LaunchScreen.storyboard */,
				232151FC2B190C550078D04F /* Info.plist */,
			);
			path = PhotoSearch;
			sourceTree = "<group>";
		};
		232152042B190C560078D04F /* PhotoSearchTests */ = {
			isa = PBXGroup;
			children = (
				232152052B190C560078D04F /* PhotoSearchTests.swift */,
				232152072B190C560078D04F /* Info.plist */,
			);
			path = PhotoSearchTests;
			sourceTree = "<group>";
		};
		2321520F2B190C560078D04F /* PhotoSearchUITests */ = {
			isa = PBXGroup;
			children = (
				232152102B190C560078D04F /* PhotoSearchUITests.swift */,
				232152122B190C560078D04F /* Info.plist */,
			);
			path = PhotoSearchUITests;
			sourceTree = "<group>";
		};
/* End PBXGroup section */

/* Begin PBXNativeTarget section */
		232151EA2B190C500078D04F /* PhotoSearch */ = {
			isa = PBXNativeTarget;
			buildConfigurationList = 232152152B190C560078D04F /* Build configuration list for PBXNativeTarget "PhotoSearch" */;
			buildPhases = (
				232151E72B190C500078D04F /* Sources */,
				232151E82B190C500078D04F /* Frameworks */,
				232151E92B190C500078D04F /* Resources */,
			);
			buildRules = (
			);
			dependencies = (
			);
			name = PhotoSearch;
			productName = PhotoSearch;
			productReference = 232151EB2B190C500078D04F /* PhotoSearch.app */;
			productType = "com.apple.product-type.application";
		};
		232152002B190C560078D04F /* PhotoSearchTests */ = {
			isa = PBXNativeTarget;
			buildConfigurationList = 232152182B190C560078D04F /* Build configuration list for PBXNativeTarget "PhotoSearchTests" */;
			buildPhases = (
				232151FD2B190C560078D04F /* Sources */,
				232151FE2B190C560078D04F /* Frameworks */,
				232151FF2B190C560078D04F /* Resources */,
			);
			buildRules = (
			);
			dependencies = (
				232152032B190C560078D04F /* PBXTargetDependency */,
			);
			name = PhotoSearchTests;
			productName = PhotoSearchTests;
			productReference = 232152012B190C560078D04F /* PhotoSearchTests.xctest */;
			productType = "com.apple.product-type.bundle.unit-test";
		};
		2321520B2B190C560078D04F /* PhotoSearchUITests */ = {
			isa = PBXNativeTarget;
			buildConfigurationList = 2321521B2B190C560078D04F /* Build configuration list for PBXNativeTarget "PhotoSearchUITests" */;
			buildPhases = (
				232152082B190C560078D04F /* Sources */,
				232152092B190C560078D04F /* Frameworks */,
				2321520A2B190C560078D04F /* Resources */,
			);
			buildRules = (
			);
			dependencies = (
				2321520E2B190C560078D04F /* PBXTargetDependency */,
			);
			name = PhotoSearchUITests;
			productName = PhotoSearchUITests;
			productReference = 2321520C2B190C560078D04F /* PhotoSearchUITests.xctest */;
			productType = "com.apple.product-type.bundle.ui-testing";
		};
/* End PBXNativeTarget section */

/* Begin PBXProject section */
		232151E32B190C500078D04F /* Project object */ = {
			isa = PBXProject;
			attributes = {
				LastSwiftUpdateCheck = 1250;
				LastUpgradeCheck = 1250;
				TargetAttributes = {
					232151EA2B190C500078D04F = {
						CreatedOnToolsVersion = 12.5.1;
					};
					232152002B190C560078D04F = {
						CreatedOnToolsVersion = 12.5.1;
						TestTargetID = 232151EA2B190C500078D04F;
					};
					2321520B2B190C560078D04F = {
						CreatedOnToolsVersion = 12.5.1;
						TestTargetID = 232151EA2B190C500078D04F;
					};
				};
			};
			buildConfigurationList = 232151E62B190C500078D04F /* Build configuration list for PBXProject "PhotoSearch" */;
			compatibilityVersion = "Xcode 9.3";
			developmentRegion = en;
			hasScannedForEncodings = 0;
			knownRegions = (
				en,
				Base,
			);
			mainGroup = 232151E22B190C500078D04F;
			productRefGroup = 232151EC2B190C500078D04F /* Products */;
			projectDirPath = "";
			projectRoot = "";
			targets = (
				232151EA2B190C500078D04F /* PhotoSearch */,
				232152002B190C560078D04F /* PhotoSearchTests */,
				2321520B2B190C560078D04F /* PhotoSearchUITests */,
			);
		};
/* End PBXProject section */

/* Begin PBXResourcesBuildPhase section */
		232151E92B190C500078D04F /* Resources */ = {
			isa = PBXResourcesBuildPhase;
			buildActionMask = 2147483647;
			files = (
				232151FB2B190C550078D04F /* LaunchScreen.storyboard in Resources */,
				232151F82B190C550078D04F /* Assets.xcassets in Resources */,
				232151F62B190C500078D04F /* Main.storyboard in Resources */,
			);
			runOnlyForDeploymentPostprocessing = 0;
		};
		232151FF2B190C560078D04F /* Resources */ = {
			isa = PBXResourcesBuildPhase;
			buildActionMask = 2147483647;
			files = (
			);
			runOnlyForDeploymentPostprocessing = 0;
		};
		2321520A2B190C560078D04F /* Resources */ = {
			isa = PBXResourcesBuildPhase;
			buildActionMask = 2147483647;
			files = (
			);
			runOnlyForDeploymentPostprocessing = 0;
		};
/* End PBXResourcesBuildPhase section */

/* Begin PBXSourcesBuildPhase section */
		232151E72B190C500078D04F /* Sources */ = {
			isa = PBXSourcesBuildPhase;
			buildActionMask = 2147483647;
			files = (
				232151F32B190C500078D04F /* ViewController.swift in Sources */,
				2321521F2B1910810078D04F /* PhotoCollectionViewCell.swift in Sources */,
				232151EF2B190C500078D04F /* AppDelegate.swift in Sources */,
				232151F12B190C500078D04F /* SceneDelegate.swift in Sources */,
			);
			runOnlyForDeploymentPostprocessing = 0;
		};
		232151FD2B190C560078D04F /* Sources */ = {
			isa = PBXSourcesBuildPhase;
			buildActionMask = 2147483647;
			files = (
				232152062B190C560078D04F /* PhotoSearchTests.swift in Sources */,
			);
			runOnlyForDeploymentPostprocessing = 0;
		};
		232152082B190C560078D04F /* Sources */ = {
			isa = PBXSourcesBuildPhase;
			buildActionMask = 2147483647;
			files = (
				232152112B190C560078D04F /* PhotoSearchUITests.swift in Sources */,
			);
			runOnlyForDeploymentPostprocessing = 0;
		};
/* End PBXSourcesBuildPhase section */

/* Begin PBXTargetDependency section */
		232152032B190C560078D04F /* PBXTargetDependency */ = {
			isa = PBXTargetDependency;
			target = 232151EA2B190C500078D04F /* PhotoSearch */;
			targetProxy = 232152022B190C560078D04F /* PBXContainerItemProxy */;
		};
		2321520E2B190C560078D04F /* PBXTargetDependency */ = {
			isa = PBXTargetDependency;
			target = 232151EA2B190C500078D04F /* PhotoSearch */;
			targetProxy = 2321520D2B190C560078D04F /* PBXContainerItemProxy */;
		};
/* End PBXTargetDependency section */

/* Begin PBXVariantGroup section */
		232151F42B190C500078D04F /* Main.storyboard */ = {
			isa = PBXVariantGroup;
			children = (
				232151F52B190C500078D04F /* Base */,
			);
			name = Main.storyboard;
			sourceTree = "<group>";
		};
		232151F92B190C550078D04F /* LaunchScreen.storyboard */ = {
			isa = PBXVariantGroup;
			children = (
				232151FA2B190C550078D04F /* Base */,
			);
			name = LaunchScreen.storyboard;
			sourceTree = "<group>";
		};
/* End PBXVariantGroup section */

/* Begin XCBuildConfiguration section */
		232152132B190C560078D04F /* Debug */ = {
			isa = XCBuildConfiguration;
			buildSettings = {
				ALWAYS_SEARCH_USER_PATHS = NO;
				CLANG_ANALYZER_NONNULL = YES;
				CLANG_ANALYZER_NUMBER_OBJECT_CONVERSION = YES_AGGRESSIVE;
				CLANG_CXX_LANGUAGE_STANDARD = "gnu++14";
				CLANG_CXX_LIBRARY = "libc++";
				CLANG_ENABLE_MODULES = YES;
				CLANG_ENABLE_OBJC_ARC = YES;
				CLANG_ENABLE_OBJC_WEAK = YES;
				CLANG_WARN_BLOCK_CAPTURE_AUTORELEASING = YES;
				CLANG_WARN_BOOL_CONVERSION = YES;
				CLANG_WARN_COMMA = YES;
				CLANG_WARN_CONSTANT_CONVERSION = YES;
				CLANG_WARN_DEPRECATED_OBJC_IMPLEMENTATIONS = YES;
				CLANG_WARN_DIRECT_OBJC_ISA_USAGE = YES_ERROR;
				CLANG_WARN_DOCUMENTATION_COMMENTS = YES;
				CLANG_WARN_EMPTY_BODY = YES;
				CLANG_WARN_ENUM_CONVERSION = YES;
				CLANG_WARN_INFINITE_RECURSION = YES;
				CLANG_WARN_INT_CONVERSION = YES;
				CLANG_WARN_NON_LITERAL_NULL_CONVERSION = YES;
				CLANG_WARN_OBJC_IMPLICIT_RETAIN_SELF = YES;
				CLANG_WARN_OBJC_LITERAL_CONVERSION = YES;
				CLANG_WARN_OBJC_ROOT_CLASS = YES_ERROR;
				CLANG_WARN_QUOTED_INCLUDE_IN_FRAMEWORK_HEADER = YES;
				CLANG_WARN_RANGE_LOOP_ANALYSIS = YES;
				CLANG_WARN_STRICT_PROTOTYPES = YES;
				CLANG_WARN_SUSPICIOUS_MOVE = YES;
				CLANG_WARN_UNGUARDED_AVAILABILITY = YES_AGGRESSIVE;
				CLANG_WARN_UNREACHABLE_CODE = YES;
				CLANG_WARN__DUPLICATE_METHOD_MATCH = YES;
				COPY_PHASE_STRIP = NO;
				DEBUG_INFORMATION_FORMAT = dwarf;
				ENABLE_STRICT_OBJC_MSGSEND = YES;
				ENABLE_TESTABILITY = YES;
				GCC_C_LANGUAGE_STANDARD = gnu11;
				GCC_DYNAMIC_NO_PIC = NO;
				GCC_NO_COMMON_BLOCKS = YES;
				GCC_OPTIMIZATION_LEVEL = 0;
				GCC_PREPROCESSOR_DEFINITIONS = (
					"DEBUG=1",
					"$(inherited)",
				);
				GCC_WARN_64_TO_32_BIT_CONVERSION = YES;
				GCC_WARN_ABOUT_RETURN_TYPE = YES_ERROR;
				GCC_WARN_UNDECLARED_SELECTOR = YES;
				GCC_WARN_UNINITIALIZED_AUTOS = YES_AGGRESSIVE;
				GCC_WARN_UNUSED_FUNCTION = YES;
				GCC_WARN_UNUSED_VARIABLE = YES;
				IPHONEOS_DEPLOYMENT_TARGET = 14.5;
				MTL_ENABLE_DEBUG_INFO = INCLUDE_SOURCE;
				MTL_FAST_MATH = YES;
				ONLY_ACTIVE_ARCH = YES;
				SDKROOT = iphoneos;
				SWIFT_ACTIVE_COMPILATION_CONDITIONS = DEBUG;
				SWIFT_OPTIMIZATION_LEVEL = "-Onone";
			};
			name = Debug;
		};
		232152142B190C560078D04F /* Release */ = {
			isa = XCBuildConfiguration;
			buildSettings = {
				ALWAYS_SEARCH_USER_PATHS = NO;
				CLANG_ANALYZER_NONNULL = YES;
				CLANG_ANALYZER_NUMBER_OBJECT_CONVERSION = YES_AGGRESSIVE;
				CLANG_CXX_LANGUAGE_STANDARD = "gnu++14";
				CLANG_CXX_LIBRARY = "libc++";
				CLANG_ENABLE_MODULES = YES;
				CLANG_ENABLE_OBJC_ARC = YES;
				CLANG_ENABLE_OBJC_WEAK = YES;
				CLANG_WARN_BLOCK_CAPTURE_AUTORELEASING = YES;
				CLANG_WARN_BOOL_CONVERSION = YES;
				CLANG_WARN_COMMA = YES;
				CLANG_WARN_CONSTANT_CONVERSION = YES;
				CLANG_WARN_DEPRECATED_OBJC_IMPLEMENTATIONS = YES;
				CLANG_WARN_DIRECT_OBJC_ISA_USAGE = YES_ERROR;
				CLANG_WARN_DOCUMENTATION_COMMENTS = YES;
				CLANG_WARN_EMPTY_BODY = YES;
				CLANG_WARN_ENUM_CONVERSION = YES;
				CLANG_WARN_INFINITE_RECURSION = YES;
				CLANG_WARN_INT_CONVERSION = YES;
				CLANG_WARN_NON_LITERAL_NULL_CONVERSION = YES;
				CLANG_WARN_OBJC_IMPLICIT_RETAIN_SELF = YES;
				CLANG_WARN_OBJC_LITERAL_CONVERSION = YES;
				CLANG_WARN_OBJC_ROOT_CLASS = YES_ERROR;
				CLANG_WARN_QUOTED_INCLUDE_IN_FRAMEWORK_HEADER = YES;
				CLANG_WARN_RANGE_LOOP_ANALYSIS = YES;
				CLANG_WARN_STRICT_PROTOTYPES = YES;
				CLANG_WARN_SUSPICIOUS_MOVE = YES;
				CLANG_WARN_UNGUARDED_AVAILABILITY = YES_AGGRESSIVE;
				CLANG_WARN_UNREACHABLE_CODE = YES;
				CLANG_WARN__DUPLICATE_METHOD_MATCH = YES;
				COPY_PHASE_STRIP = NO;
				DEBUG_INFORMATION_FORMAT = "dwarf-with-dsym";
				ENABLE_NS_ASSERTIONS = NO;
				ENABLE_STRICT_OBJC_MSGSEND = YES;
				GCC_C_LANGUAGE_STANDARD = gnu11;
				GCC_NO_COMMON_BLOCKS = YES;
				GCC_WARN_64_TO_32_BIT_CONVERSION = YES;
				GCC_WARN_ABOUT_RETURN_TYPE = YES_ERROR;
				GCC_WARN_UNDECLARED_SELECTOR = YES;
				GCC_WARN_UNINITIALIZED_AUTOS = YES_AGGRESSIVE;
				GCC_WARN_UNUSED_FUNCTION = YES;
				GCC_WARN_UNUSED_VARIABLE = YES;
				IPHONEOS_DEPLOYMENT_TARGET = 14.5;
				MTL_ENABLE_DEBUG_INFO = NO;
				MTL_FAST_MATH = YES;
				SDKROOT = iphoneos;
				SWIFT_COMPILATION_MODE = wholemodule;
				SWIFT_OPTIMIZATION_LEVEL = "-O";
				VALIDATE_PRODUCT = YES;
			};
			name = Release;
		};
		232152162B190C560078D04F /* Debug */ = {
			isa = XCBuildConfiguration;
			buildSettings = {
				ASSETCATALOG_COMPILER_APPICON_NAME = AppIcon;
				ASSETCATALOG_COMPILER_GLOBAL_ACCENT_COLOR_NAME = AccentColor;
				CODE_SIGN_STYLE = Automatic;
				DEVELOPMENT_TEAM = 9T8VM7VQW2;
				INFOPLIST_FILE = PhotoSearch/Info.plist;
				LD_RUNPATH_SEARCH_PATHS = (
					"$(inherited)",
					"@executable_path/Frameworks",
				);
				PRODUCT_BUNDLE_IDENTIFIER = me.PhotoSearch;
				PRODUCT_NAME = "$(TARGET_NAME)";
				SWIFT_VERSION = 5.0;
				TARGETED_DEVICE_FAMILY = "1,2";
			};
			name = Debug;
		};
		232152172B190C560078D04F /* Release */ = {
			isa = XCBuildConfiguration;
			buildSettings = {
				ASSETCATALOG_COMPILER_APPICON_NAME = AppIcon;
				ASSETCATALOG_COMPILER_GLOBAL_ACCENT_COLOR_NAME = AccentColor;
				CODE_SIGN_STYLE = Automatic;
				DEVELOPMENT_TEAM = 9T8VM7VQW2;
				INFOPLIST_FILE = PhotoSearch/Info.plist;
				LD_RUNPATH_SEARCH_PATHS = (
					"$(inherited)",
					"@executable_path/Frameworks",
				);
				PRODUCT_BUNDLE_IDENTIFIER = me.PhotoSearch;
				PRODUCT_NAME = "$(TARGET_NAME)";
				SWIFT_VERSION = 5.0;
				TARGETED_DEVICE_FAMILY = "1,2";
			};
			name = Release;
		};
		232152192B190C560078D04F /* Debug */ = {
			isa = XCBuildConfiguration;
			buildSettings = {
				ALWAYS_EMBED_SWIFT_STANDARD_LIBRARIES = YES;
				BUNDLE_LOADER = "$(TEST_HOST)";
				CODE_SIGN_STYLE = Automatic;
				DEVELOPMENT_TEAM = 9T8VM7VQW2;
				INFOPLIST_FILE = PhotoSearchTests/Info.plist;
				IPHONEOS_DEPLOYMENT_TARGET = 14.5;
				LD_RUNPATH_SEARCH_PATHS = (
					"$(inherited)",
					"@executable_path/Frameworks",
					"@loader_path/Frameworks",
				);
				PRODUCT_BUNDLE_IDENTIFIER = me.PhotoSearchTests;
				PRODUCT_NAME = "$(TARGET_NAME)";
				SWIFT_VERSION = 5.0;
				TARGETED_DEVICE_FAMILY = "1,2";
				TEST_HOST = "$(BUILT_PRODUCTS_DIR)/PhotoSearch.app/PhotoSearch";
			};
			name = Debug;
		};
		2321521A2B190C560078D04F /* Release */ = {
			isa = XCBuildConfiguration;
			buildSettings = {
				ALWAYS_EMBED_SWIFT_STANDARD_LIBRARIES = YES;
				BUNDLE_LOADER = "$(TEST_HOST)";
				CODE_SIGN_STYLE = Automatic;
				DEVELOPMENT_TEAM = 9T8VM7VQW2;
				INFOPLIST_FILE = PhotoSearchTests/Info.plist;
				IPHONEOS_DEPLOYMENT_TARGET = 14.5;
				LD_RUNPATH_SEARCH_PATHS = (
					"$(inherited)",
					"@executable_path/Frameworks",
					"@loader_path/Frameworks",
				);
				PRODUCT_BUNDLE_IDENTIFIER = me.PhotoSearchTests;
				PRODUCT_NAME = "$(TARGET_NAME)";
				SWIFT_VERSION = 5.0;
				TARGETED_DEVICE_FAMILY = "1,2";
				TEST_HOST = "$(BUILT_PRODUCTS_DIR)/PhotoSearch.app/PhotoSearch";
			};
			name = Release;
		};
		2321521C2B190C560078D04F /* Debug */ = {
			isa = XCBuildConfiguration;
			buildSettings = {
				ALWAYS_EMBED_SWIFT_STANDARD_LIBRARIES = YES;
				CODE_SIGN_STYLE = Automatic;
				DEVELOPMENT_TEAM = 9T8VM7VQW2;
				INFOPLIST_FILE = PhotoSearchUITests/Info.plist;
				LD_RUNPATH_SEARCH_PATHS = (
					"$(inherited)",
					"@executable_path/Frameworks",
					"@loader_path/Frameworks",
				);
				PRODUCT_BUNDLE_IDENTIFIER = me.PhotoSearchUITests;
				PRODUCT_NAME = "$(TARGET_NAME)";
				SWIFT_VERSION = 5.0;
				TARGETED_DEVICE_FAMILY = "1,2";
				TEST_TARGET_NAME = PhotoSearch;
			};
			name = Debug;
		};
		2321521D2B190C560078D04F /* Release */ = {
			isa = XCBuildConfiguration;
			buildSettings = {
				ALWAYS_EMBED_SWIFT_STANDARD_LIBRARIES = YES;
				CODE_SIGN_STYLE = Automatic;
				DEVELOPMENT_TEAM = 9T8VM7VQW2;
				INFOPLIST_FILE = PhotoSearchUITests/Info.plist;
				LD_RUNPATH_SEARCH_PATHS = (
					"$(inherited)",
					"@executable_path/Frameworks",
					"@loader_path/Frameworks",
				);
				PRODUCT_BUNDLE_IDENTIFIER = me.PhotoSearchUITests;
				PRODUCT_NAME = "$(TARGET_NAME)";
				SWIFT_VERSION = 5.0;
				TARGETED_DEVICE_FAMILY = "1,2";
				TEST_TARGET_NAME = PhotoSearch;
			};
			name = Release;
		};
/* End XCBuildConfiguration section */

/* Begin XCConfigurationList section */
		232151E62B190C500078D04F /* Build configuration list for PBXProject "PhotoSearch" */ = {
			isa = XCConfigurationList;
			buildConfigurations = (
				232152132B190C560078D04F /* Debug */,
				232152142B190C560078D04F /* Release */,
			);
			defaultConfigurationIsVisible = 0;
			defaultConfigurationName = Release;
		};
		232152152B190C560078D04F /* Build configuration list for PBXNativeTarget "PhotoSearch" */ = {
			isa = XCConfigurationList;
			buildConfigurations = (
				232152162B190C560078D04F /* Debug */,
				232152172B190C560078D04F /* Release */,
			);
			defaultConfigurationIsVisible = 0;
			defaultConfigurationName = Release;
		};
		232152182B190C560078D04F /* Build configuration list for PBXNativeTarget "PhotoSearchTests" */ = {
			isa = XCConfigurationList;
			buildConfigurations = (
				232152192B190C560078D04F /* Debug */,
				2321521A2B190C560078D04F /* Release */,
			);
			defaultConfigurationIsVisible = 0;
			defaultConfigurationName = Release;
		};
		2321521B2B190C560078D04F /* Build configuration list for PBXNativeTarget "PhotoSearchUITests" */ = {
			isa = XCConfigurationList;
			buildConfigurations = (
				2321521C2B190C560078D04F /* Debug */,
				2321521D2B190C560078D04F /* Release */,
			);
			defaultConfigurationIsVisible = 0;
			defaultConfigurationName = Release;
		};
/* End XCConfigurationList section */
	};
	rootObject = 232151E32B190C500078D04F /* Project object */;
}
